PODS:
  - AEXML (4.3.3)
  - epub_kitty_ios (0.1.1):
    - AEXML (= 4.3.3)
    - FontBlaster (= 4.1.0)
    - MenuItemKit (= 3.1.3)
    - RealmSwift (= 3.17.3)
    - SSZipArchive (= 2.1.1)
    - ZFDragableModalTransition (= 0.6)
  - epub_viewer (0.0.1):
    - epub_kitty_ios (= 0.1.1)
    - Flutter
  - esys_flutter_share (0.0.1):
    - Flutter
  - Flutter (1.0.0)
  - fluttertoast (0.0.2):
    - Flutter
  - FMDB (2.7.5):
    - FMDB/standard (= 2.7.5)
  - FMDB/standard (2.7.5)
  - FontBlaster (4.1.0)
  - MenuItemKit (3.1.3)
  - path_provider (0.0.1):
    - Flutter
  - "permission_handler (4.2.0+hotfix.1)":
    - Flutter
  - Realm (3.17.3):
    - Realm/Headers (= 3.17.3)
  - Realm/Headers (3.17.3)
  - RealmSwift (3.17.3):
    - Realm (= 3.17.3)
  - shared_preferences (0.0.1):
    - Flutter
  - sqflite (0.0.1):
    - Flutter
    - FMDB (~> 2.7.2)
  - SSZipArchive (2.1.1)
  - ZFDragableModalTransition (0.6)

DEPENDENCIES:
  - epub_viewer (from `.symlinks/plugins/epub_viewer/ios`)
  - esys_flutter_share (from `.symlinks/plugins/esys_flutter_share/ios`)
  - Flutter (from `Flutter`)
  - fluttertoast (from `.symlinks/plugins/fluttertoast/ios`)
  - path_provider (from `.symlinks/plugins/path_provider/ios`)
  - permission_handler (from `.symlinks/plugins/permission_handler/ios`)
  - shared_preferences (from `.symlinks/plugins/shared_preferences/ios`)
  - sqflite (from `.symlinks/plugins/sqflite/ios`)

SPEC REPOS:
  trunk:
    - AEXML
    - epub_kitty_ios
    - FMDB
    - FontBlaster
    - MenuItemKit
    - Realm
    - RealmSwift
    - SSZipArchive
    - ZFDragableModalTransition

EXTERNAL SOURCES:
  epub_viewer:
    :path: ".symlinks/plugins/epub_viewer/ios"
  esys_flutter_share:
    :path: ".symlinks/plugins/esys_flutter_share/ios"
  Flutter:
    :path: Flutter
  fluttertoast:
    :path: ".symlinks/plugins/fluttertoast/ios"
  path_provider:
    :path: ".symlinks/plugins/path_provider/ios"
  permission_handler:
    :path: ".symlinks/plugins/permission_handler/ios"
  shared_preferences:
    :path: ".symlinks/plugins/shared_preferences/ios"
  sqflite:
    :path: ".symlinks/plugins/sqflite/ios"

SPEC CHECKSUMS:
  AEXML: 601f41fcaa7bda7605cad153b0f43db9ec006c0f
  epub_kitty_ios: ea360324165274b2d0f90a3d19c42397e3ba2fee
  epub_viewer: 6d93e46357574cce7bbd8b66f8d3e21d532fbfa5
  esys_flutter_share: 403498dab005b36ce1f8d7aff377e81f0621b0b4
  Flutter: 434fef37c0980e73bb6479ef766c45957d4b510c
  fluttertoast: b644586ef3b16f67fae9a1f8754cef6b2d6b634b
  FMDB: 2ce00b547f966261cd18927a3ddb07cb6f3db82a
  FontBlaster: 127aa66419478d1c62926c7fdb39841633344a45
  MenuItemKit: 0f850e630b0a3d2bd80fec54db87ce0d2077ada2
  path_provider: abfe2b5c733d04e238b0d8691db0cfd63a27a93c
  permission_handler: 59e1b9bd42a8fa96055ca59969723c07af837634
  Realm: 5a1d9d47bfc101dd597668b1a8af4288a2557f6d
  RealmSwift: b7fdc2d18616621c31df5c7a398a45a2163f8eb0
  shared_preferences: af6bfa751691cdc24be3045c43ec037377ada40d
  sqflite: 4001a31ff81d210346b500c55b17f4d6c7589dd0
  SSZipArchive: 14401ade5f8e82aba1ff03e9f88e9de60937ae60
  ZFDragableModalTransition: 0d294eaaba6edfcb9839595de765f9ca06a4b524

PODFILE CHECKSUM: a75497545d4391e2d394c3668e20cfb1c2bbd4aa

COCOAPODS: 1.10.1
